{
    "version": 3,
    "terraform_version": "0.11.10",
    "serial": 2,
    "lineage": "e3067c33-5f49-a95e-79a1-527b7a3e4cb5",
    "modules": [
        {
            "path": [
                "root"
            ],
            "outputs": {
                "config_map_aws_auth": {
                    "sensitive": false,
                    "type": "string",
                    "value": "apiVersion: v1\nkind: ConfigMap\nmetadata:\n  name: aws-auth\n  namespace: kube-system\ndata:\n  mapRoles: |\n    - rolearn: arn:aws:iam::703044652330:role/terraform-eks-demo-node\n      username: system:node:{{EC2PrivateDNSName}}\n      groups:\n        - system:bootstrappers\n        - system:nodes\n"
                },
                "kubeconfig": {
                    "sensitive": false,
                    "type": "string",
                    "value": "apiVersion: v1\nclusters:\n- cluster:\n    server: https://E963B743FE5BBC3C6466491DBE4F6F04.yl4.eu-west-1.eks.amazonaws.com\n    certificate-authority-data: LS0tLS1CRUdJTiBDRVJUSUZJQ0FURS0tLS0tCk1JSUN5RENDQWJDZ0F3SUJBZ0lCQURBTkJna3Foa2lHOXcwQkFRc0ZBREFWTVJNd0VRWURWUVFERXdwcmRXSmwKY201bGRHVnpNQjRYRFRFNE1URXlNakV5TkRJeE5Gb1hEVEk0TVRFeE9URXlOREl4TkZvd0ZURVRNQkVHQTFVRQpBeE1LYTNWaVpYSnVaWFJsY3pDQ0FTSXdEUVlKS29aSWh2Y05BUUVCQlFBRGdnRVBBRENDQVFvQ2dnRUJBT09hCjJmdU1GcmVkclYxaCt6LzJYd2VEdnIzM2NlelJHRk9LN0t0K1RRam9TSzBDcEdINS9BVGtLYS82Wk40QXpWb20KdkpiUkQvS0xBQkpUcm9xZzk3THZoVFpmdXFRV2tsTG9uZzZYY2o5TGxaSDhtUDUvZmw1WHpwRDRVNXN6WEJOegpYVWdINnB0VW44dStjTTB3VnY2bE5QZ0o0R2Iwd1B0NmxZSHBKRUI3UGdEai93Zm01RUNSNFJZaVpzUERwZ09lCmxyNEc4dU43NVl2Y1RpL1JtQk5jRVpPV0FIYldlU1VtVmlMaFdKM21md1NOQlpkYjBqMmUrTFZYVFdIZDdJRlMKODN6c1htZ1k1ZlA5N3ZqRkVYMmZQZVVWbkJlM29FUExRQmREZFpOV1lUc2tIdXlFWWtMSlZ6bkVnSGhsd2g1eApDK25acW5lNVV4cXFGVGlJUWtVQ0F3RUFBYU1qTUNFd0RnWURWUjBQQVFIL0JBUURBZ0trTUE4R0ExVWRFd0VCCi93UUZNQU1CQWY4d0RRWUpLb1pJaHZjTkFRRUxCUUFEZ2dFQkFBZTdtVFJ0T2tKeWRpUnNUS0VJbWpMbkdmc1YKRFA1Q1htZXlCNFNUOGhORE1NRHQ5bHh2eDhHU3R1WDljVkx6bWJjaTZUVTlIYmJJMnVWYWZUZHQ0M2V4ZmRmOApaeGtqUVBxdXlMRjVPMjZXS2NXZjZLcTcyYjF1WS9LU3I3QWFvRS9FWlBDUnpzOW9Mbis1YmRGV0VDTW5uOG1HCldCYXNNSWJmZzFHd25wYzFocVpUeVdtMC9BQzBPSnkrV21FMFNlQjNUSjlpbjc4M3N6dmNteUlkRGlmdU5Pbi8KOTdlTGN0WS90cUdyamlrQWc5T0RsYmxlUWZIeDVBSjFoVXVSczBWeWZQT3VSM1VheTBKQVhYa3pNd3ZBeDZnbgowOXluaDNQa002VjExVm9XQUJsN01kZ1hPVnZWUVJLd3RsUEJBdG5wT2NrOWxUSEtnaFl0a3AySG5Rdz0KLS0tLS1FTkQgQ0VSVElGSUNBVEUtLS0tLQo=\n  name: kubernetes\ncontexts:\n- context:\n    cluster: kubernetes\n    user: aws\n  name: aws\ncurrent-context: aws\nkind: Config\npreferences: {}\nusers:\n- name: aws\n  user:\n    exec:\n      apiVersion: client.authentication.k8s.io/v1alpha1\n      command: aws-iam-authenticator\n      args:\n        - \"token\"\n        - \"-i\"\n        - \"cloud-native-eks-playground\"\n"
                }
            },
            "resources": {
                "aws_autoscaling_group.demo": {
                    "type": "aws_autoscaling_group",
                    "depends_on": [
                        "aws_launch_configuration.demo",
                        "aws_subnet.demo.*"
                    ],
                    "primary": {
                        "id": "terraform-eks-demo",
                        "attributes": {
                            "arn": "arn:aws:autoscaling:eu-west-1:703044652330:autoScalingGroup:a8e1f57c-9159-4daa-8010-9ac0918b35d4:autoScalingGroupName/terraform-eks-demo",
                            "availability_zones.#": "2",
                            "availability_zones.1924028850": "eu-west-1b",
                            "availability_zones.3953592328": "eu-west-1a",
                            "default_cooldown": "300",
                            "desired_capacity": "2",
                            "enabled_metrics.#": "0",
                            "force_delete": "false",
                            "health_check_grace_period": "300",
                            "health_check_type": "EC2",
                            "id": "terraform-eks-demo",
                            "launch_configuration": "terraform-eks-demo20181122124442880400000006",
                            "launch_template.#": "0",
                            "load_balancers.#": "0",
                            "max_size": "2",
                            "metrics_granularity": "1Minute",
                            "min_size": "1",
                            "mixed_instances_policy.#": "0",
                            "name": "terraform-eks-demo",
                            "placement_group": "",
                            "protect_from_scale_in": "false",
                            "service_linked_role_arn": "arn:aws:iam::703044652330:role/aws-service-role/autoscaling.amazonaws.com/AWSServiceRoleForAutoScaling",
                            "suspended_processes.#": "0",
                            "tag.#": "2",
                            "tag.3280135388.key": "kubernetes.io/cluster/cloud-native-eks-playground",
                            "tag.3280135388.propagate_at_launch": "true",
                            "tag.3280135388.value": "owned",
                            "tag.4079220990.key": "Name",
                            "tag.4079220990.propagate_at_launch": "true",
                            "tag.4079220990.value": "terraform-eks-demo",
                            "target_group_arns.#": "0",
                            "termination_policies.#": "0",
                            "vpc_zone_identifier.#": "2",
                            "vpc_zone_identifier.1458163433": "subnet-02c7c021af577d620",
                            "vpc_zone_identifier.3463723643": "subnet-0a1a77db4dcc65769",
                            "wait_for_capacity_timeout": "10m"
                        },
                        "meta": {
                            "e2bfb730-ecaa-11e6-8f88-34363bc7c4c0": {
                                "delete": 600000000000
                            }
                        },
                        "tainted": false
                    },
                    "deposed": [],
                    "provider": "provider.aws"
                },
                "aws_eks_cluster.demo": {
                    "type": "aws_eks_cluster",
                    "depends_on": [
                        "aws_iam_role.demo-cluster",
                        "aws_iam_role_policy_attachment.demo-cluster-AmazonEKSClusterPolicy",
                        "aws_iam_role_policy_attachment.demo-cluster-AmazonEKSServicePolicy",
                        "aws_security_group.demo-cluster",
                        "aws_subnet.demo.*"
                    ],
                    "primary": {
                        "id": "cloud-native-eks-playground",
                        "attributes": {
                            "arn": "arn:aws:eks:eu-west-1:703044652330:cluster/cloud-native-eks-playground",
                            "certificate_authority.#": "1",
                            "certificate_authority.0.data": "LS0tLS1CRUdJTiBDRVJUSUZJQ0FURS0tLS0tCk1JSUN5RENDQWJDZ0F3SUJBZ0lCQURBTkJna3Foa2lHOXcwQkFRc0ZBREFWTVJNd0VRWURWUVFERXdwcmRXSmwKY201bGRHVnpNQjRYRFRFNE1URXlNakV5TkRJeE5Gb1hEVEk0TVRFeE9URXlOREl4TkZvd0ZURVRNQkVHQTFVRQpBeE1LYTNWaVpYSnVaWFJsY3pDQ0FTSXdEUVlKS29aSWh2Y05BUUVCQlFBRGdnRVBBRENDQVFvQ2dnRUJBT09hCjJmdU1GcmVkclYxaCt6LzJYd2VEdnIzM2NlelJHRk9LN0t0K1RRam9TSzBDcEdINS9BVGtLYS82Wk40QXpWb20KdkpiUkQvS0xBQkpUcm9xZzk3THZoVFpmdXFRV2tsTG9uZzZYY2o5TGxaSDhtUDUvZmw1WHpwRDRVNXN6WEJOegpYVWdINnB0VW44dStjTTB3VnY2bE5QZ0o0R2Iwd1B0NmxZSHBKRUI3UGdEai93Zm01RUNSNFJZaVpzUERwZ09lCmxyNEc4dU43NVl2Y1RpL1JtQk5jRVpPV0FIYldlU1VtVmlMaFdKM21md1NOQlpkYjBqMmUrTFZYVFdIZDdJRlMKODN6c1htZ1k1ZlA5N3ZqRkVYMmZQZVVWbkJlM29FUExRQmREZFpOV1lUc2tIdXlFWWtMSlZ6bkVnSGhsd2g1eApDK25acW5lNVV4cXFGVGlJUWtVQ0F3RUFBYU1qTUNFd0RnWURWUjBQQVFIL0JBUURBZ0trTUE4R0ExVWRFd0VCCi93UUZNQU1CQWY4d0RRWUpLb1pJaHZjTkFRRUxCUUFEZ2dFQkFBZTdtVFJ0T2tKeWRpUnNUS0VJbWpMbkdmc1YKRFA1Q1htZXlCNFNUOGhORE1NRHQ5bHh2eDhHU3R1WDljVkx6bWJjaTZUVTlIYmJJMnVWYWZUZHQ0M2V4ZmRmOApaeGtqUVBxdXlMRjVPMjZXS2NXZjZLcTcyYjF1WS9LU3I3QWFvRS9FWlBDUnpzOW9Mbis1YmRGV0VDTW5uOG1HCldCYXNNSWJmZzFHd25wYzFocVpUeVdtMC9BQzBPSnkrV21FMFNlQjNUSjlpbjc4M3N6dmNteUlkRGlmdU5Pbi8KOTdlTGN0WS90cUdyamlrQWc5T0RsYmxlUWZIeDVBSjFoVXVSczBWeWZQT3VSM1VheTBKQVhYa3pNd3ZBeDZnbgowOXluaDNQa002VjExVm9XQUJsN01kZ1hPVnZWUVJLd3RsUEJBdG5wT2NrOWxUSEtnaFl0a3AySG5Rdz0KLS0tLS1FTkQgQ0VSVElGSUNBVEUtLS0tLQo=",
                            "created_at": "2018-11-22 12:34:43 +0000 UTC",
                            "endpoint": "https://E963B743FE5BBC3C6466491DBE4F6F04.yl4.eu-west-1.eks.amazonaws.com",
                            "id": "cloud-native-eks-playground",
                            "name": "cloud-native-eks-playground",
                            "platform_version": "eks.2",
                            "role_arn": "arn:aws:iam::703044652330:role/terraform-eks-demo-cluster",
                            "version": "1.10",
                            "vpc_config.#": "1",
                            "vpc_config.0.security_group_ids.#": "1",
                            "vpc_config.0.security_group_ids.2245176575": "sg-003183aa28ae99c35",
                            "vpc_config.0.subnet_ids.#": "2",
                            "vpc_config.0.subnet_ids.2752567847": "subnet-0a1a77db4dcc65769",
                            "vpc_config.0.subnet_ids.3129587131": "subnet-02c7c021af577d620",
                            "vpc_config.0.vpc_id": "vpc-0cc9cdfd7fe147a9c"
                        },
                        "meta": {
                            "e2bfb730-ecaa-11e6-8f88-34363bc7c4c0": {
                                "create": 900000000000,
                                "delete": 900000000000
                            }
                        },
                        "tainted": false
                    },
                    "deposed": [],
                    "provider": "provider.aws"
                },
                "aws_iam_instance_profile.demo-node": {
                    "type": "aws_iam_instance_profile",
                    "depends_on": [
                        "aws_iam_role.demo-node"
                    ],
                    "primary": {
                        "id": "terraform-eks-demo",
                        "attributes": {
                            "arn": "arn:aws:iam::703044652330:instance-profile/terraform-eks-demo",
                            "create_date": "2018-11-22T12:34:29Z",
                            "id": "terraform-eks-demo",
                            "name": "terraform-eks-demo",
                            "path": "/",
                            "role": "terraform-eks-demo-node",
                            "roles.#": "0",
                            "unique_id": "AIPAJHQ5W4ALTP6PMZ6MA"
                        },
                        "meta": {},
                        "tainted": false
                    },
                    "deposed": [],
                    "provider": "provider.aws"
                },
                "aws_iam_role.demo-cluster": {
                    "type": "aws_iam_role",
                    "depends_on": [],
                    "primary": {
                        "id": "terraform-eks-demo-cluster",
                        "attributes": {
                            "arn": "arn:aws:iam::703044652330:role/terraform-eks-demo-cluster",
                            "assume_role_policy": "{\"Version\":\"2012-10-17\",\"Statement\":[{\"Effect\":\"Allow\",\"Principal\":{\"Service\":\"eks.amazonaws.com\"},\"Action\":\"sts:AssumeRole\"}]}",
                            "create_date": "2018-11-22T12:34:28Z",
                            "description": "",
                            "force_detach_policies": "false",
                            "id": "terraform-eks-demo-cluster",
                            "max_session_duration": "3600",
                            "name": "terraform-eks-demo-cluster",
                            "path": "/",
                            "tags.%": "0",
                            "unique_id": "AROAIVUMRLX4FR6JZLKLA"
                        },
                        "meta": {},
                        "tainted": false
                    },
                    "deposed": [],
                    "provider": "provider.aws"
                },
                "aws_iam_role.demo-node": {
                    "type": "aws_iam_role",
                    "depends_on": [],
                    "primary": {
                        "id": "terraform-eks-demo-node",
                        "attributes": {
                            "arn": "arn:aws:iam::703044652330:role/terraform-eks-demo-node",
                            "assume_role_policy": "{\"Version\":\"2012-10-17\",\"Statement\":[{\"Effect\":\"Allow\",\"Principal\":{\"Service\":\"ec2.amazonaws.com\"},\"Action\":\"sts:AssumeRole\"}]}",
                            "create_date": "2018-11-22T12:34:28Z",
                            "description": "",
                            "force_detach_policies": "false",
                            "id": "terraform-eks-demo-node",
                            "max_session_duration": "3600",
                            "name": "terraform-eks-demo-node",
                            "path": "/",
                            "tags.%": "0",
                            "unique_id": "AROAIDXZ5LQ77HIFP5BZU"
                        },
                        "meta": {},
                        "tainted": false
                    },
                    "deposed": [],
                    "provider": "provider.aws"
                },
                "aws_iam_role_policy_attachment.demo-cluster-AmazonEKSClusterPolicy": {
                    "type": "aws_iam_role_policy_attachment",
                    "depends_on": [
                        "aws_iam_role.demo-cluster"
                    ],
                    "primary": {
                        "id": "terraform-eks-demo-cluster-20181122123429600400000002",
                        "attributes": {
                            "id": "terraform-eks-demo-cluster-20181122123429600400000002",
                            "policy_arn": "arn:aws:iam::aws:policy/AmazonEKSClusterPolicy",
                            "role": "terraform-eks-demo-cluster"
                        },
                        "meta": {},
                        "tainted": false
                    },
                    "deposed": [],
                    "provider": "provider.aws"
                },
                "aws_iam_role_policy_attachment.demo-cluster-AmazonEKSServicePolicy": {
                    "type": "aws_iam_role_policy_attachment",
                    "depends_on": [
                        "aws_iam_role.demo-cluster"
                    ],
                    "primary": {
                        "id": "terraform-eks-demo-cluster-20181122123429601300000003",
                        "attributes": {
                            "id": "terraform-eks-demo-cluster-20181122123429601300000003",
                            "policy_arn": "arn:aws:iam::aws:policy/AmazonEKSServicePolicy",
                            "role": "terraform-eks-demo-cluster"
                        },
                        "meta": {},
                        "tainted": false
                    },
                    "deposed": [],
                    "provider": "provider.aws"
                },
                "aws_iam_role_policy_attachment.demo-node-AmazonEC2ContainerRegistryReadOnly": {
                    "type": "aws_iam_role_policy_attachment",
                    "depends_on": [
                        "aws_iam_role.demo-node"
                    ],
                    "primary": {
                        "id": "terraform-eks-demo-node-20181122123429650000000005",
                        "attributes": {
                            "id": "terraform-eks-demo-node-20181122123429650000000005",
                            "policy_arn": "arn:aws:iam::aws:policy/AmazonEC2ContainerRegistryReadOnly",
                            "role": "terraform-eks-demo-node"
                        },
                        "meta": {},
                        "tainted": false
                    },
                    "deposed": [],
                    "provider": "provider.aws"
                },
                "aws_iam_role_policy_attachment.demo-node-AmazonEKSWorkerNodePolicy": {
                    "type": "aws_iam_role_policy_attachment",
                    "depends_on": [
                        "aws_iam_role.demo-node"
                    ],
                    "primary": {
                        "id": "terraform-eks-demo-node-20181122123429596900000001",
                        "attributes": {
                            "id": "terraform-eks-demo-node-20181122123429596900000001",
                            "policy_arn": "arn:aws:iam::aws:policy/AmazonEKSWorkerNodePolicy",
                            "role": "terraform-eks-demo-node"
                        },
                        "meta": {},
                        "tainted": false
                    },
                    "deposed": [],
                    "provider": "provider.aws"
                },
                "aws_iam_role_policy_attachment.demo-node-AmazonEKS_CNI_Policy": {
                    "type": "aws_iam_role_policy_attachment",
                    "depends_on": [
                        "aws_iam_role.demo-node"
                    ],
                    "primary": {
                        "id": "terraform-eks-demo-node-20181122123429617900000004",
                        "attributes": {
                            "id": "terraform-eks-demo-node-20181122123429617900000004",
                            "policy_arn": "arn:aws:iam::aws:policy/AmazonEKS_CNI_Policy",
                            "role": "terraform-eks-demo-node"
                        },
                        "meta": {},
                        "tainted": false
                    },
                    "deposed": [],
                    "provider": "provider.aws"
                },
                "aws_internet_gateway.demo": {
                    "type": "aws_internet_gateway",
                    "depends_on": [
                        "aws_vpc.demo"
                    ],
                    "primary": {
                        "id": "igw-0552d72d7ff88b897",
                        "attributes": {
                            "id": "igw-0552d72d7ff88b897",
                            "tags.%": "1",
                            "tags.Name": "terraform-eks-demo",
                            "vpc_id": "vpc-0cc9cdfd7fe147a9c"
                        },
                        "meta": {},
                        "tainted": false
                    },
                    "deposed": [],
                    "provider": "provider.aws"
                },
                "aws_launch_configuration.demo": {
                    "type": "aws_launch_configuration",
                    "depends_on": [
                        "aws_iam_instance_profile.demo-node",
                        "aws_security_group.demo-node",
                        "data.aws_ami.eks-worker",
                        "local.demo-node-userdata"
                    ],
                    "primary": {
                        "id": "terraform-eks-demo20181122124442880400000006",
                        "attributes": {
                            "associate_public_ip_address": "true",
                            "ebs_block_device.#": "0",
                            "ebs_optimized": "false",
                            "enable_monitoring": "true",
                            "ephemeral_block_device.#": "0",
                            "iam_instance_profile": "terraform-eks-demo",
                            "id": "terraform-eks-demo20181122124442880400000006",
                            "image_id": "ami-00c3b2d35bddd4f5c",
                            "instance_type": "t2.micro",
                            "key_name": "",
                            "name": "terraform-eks-demo20181122124442880400000006",
                            "name_prefix": "terraform-eks-demo",
                            "root_block_device.#": "0",
                            "security_groups.#": "1",
                            "security_groups.1604354264": "sg-09b61caf079619960",
                            "spot_price": "",
                            "user_data_base64": "IyEvYmluL2Jhc2gKc2V0IC1vIHh0cmFjZQovZXRjL2Vrcy9ib290c3RyYXAuc2ggLS1hcGlzZXJ2ZXItZW5kcG9pbnQgJ2h0dHBzOi8vRTk2M0I3NDNGRTVCQkMzQzY0NjY0OTFEQkU0RjZGMDQueWw0LmV1LXdlc3QtMS5la3MuYW1hem9uYXdzLmNvbScgLS1iNjQtY2x1c3Rlci1jYSAnTFMwdExTMUNSVWRKVGlCRFJWSlVTVVpKUTBGVVJTMHRMUzB0Q2sxSlNVTjVSRU5EUVdKRFowRjNTVUpCWjBsQ1FVUkJUa0puYTNGb2EybEhPWGN3UWtGUmMwWkJSRUZXVFZKTmQwVlJXVVJXVVZGRVJYZHdjbVJYU213S1kyMDFiR1JIVm5wTlFqUllSRlJGTkUxVVJYbE5ha1Y1VGtSSmVFNUdiMWhFVkVrMFRWUkZlRTlVUlhsT1JFbDRUa1p2ZDBaVVJWUk5Ra1ZIUVRGVlJRcEJlRTFMWVROV2FWcFlTblZhV0ZKc1kzcERRMEZUU1hkRVVWbEtTMjlhU1doMlkwNUJVVVZDUWxGQlJHZG5SVkJCUkVORFFWRnZRMmRuUlVKQlQwOWhDakptZFUxR2NtVmtjbFl4YUN0Nkx6SllkMlZFZG5Jek0yTmxlbEpIUms5TE4wdDBLMVJSYW05VFN6QkRjRWRJTlM5QlZHdExZUzgyV2s0MFFYcFdiMjBLZGtwaVVrUXZTMHhCUWtwVWNtOXhaemszVEhab1ZGcG1kWEZSVjJ0c1RHOXVaelpZWTJvNVRHeGFTRGh0VURVdlptdzFXSHB3UkRSVk5YTjZXRUpPZWdwWVZXZElObkIwVlc0NGRTdGpUVEIzVm5ZMmJFNVFaMG8wUjJJd2QxQjBObXhaU0hCS1JVSTNVR2RFYWk5M1ptMDFSVU5TTkZKWmFWcHpVRVJ3WjA5bENteHlORWM0ZFU0M05WbDJZMVJwTDFKdFFrNWpSVnBQVjBGSVlsZGxVMVZ0Vm1sTWFGZEtNMjFtZDFOT1FscGtZakJxTW1VclRGWllWRmRJWkRkSlJsTUtPRE42YzFodFoxazFabEE1TjNacVJrVllNbVpRWlZWV2JrSmxNMjlGVUV4UlFtUkVaRnBPVjFsVWMydElkWGxGV1d0TVNsWjZia1ZuU0doc2QyZzFlQXBESzI1YWNXNWxOVlY0Y1hGR1ZHbEpVV3RWUTBGM1JVRkJZVTFxVFVORmQwUm5XVVJXVWpCUVFWRklMMEpCVVVSQlowdHJUVUU0UjBFeFZXUkZkMFZDQ2k5M1VVWk5RVTFDUVdZNGQwUlJXVXBMYjFwSmFIWmpUa0ZSUlV4Q1VVRkVaMmRGUWtGQlpUZHRWRkowVDJ0S2VXUnBVbk5VUzBWSmJXcE1ia2RtYzFZS1JGQTFRMWh0WlhsQ05GTlVPR2hPUkUxTlJIUTViSGgyZURoSFUzUjFXRGxqVmt4NmJXSmphVFpVVlRsSVltSkpNblZXWVdaVVpIUTBNMlY0Wm1SbU9BcGFlR3RxVVZCeGRYbE1SalZQTWpaWFMyTlhaalpMY1RjeVlqRjFXUzlMVTNJM1FXRnZSUzlGV2xCRFVucHpPVzlNYmlzMVltUkdWMFZEVFc1dU9HMUhDbGRDWVhOTlNXSm1aekZIZDI1d1l6Rm9jVnBVZVZkdE1DOUJRekJQU25rclYyMUZNRk5sUWpOVVNqbHBiamM0TTNONmRtTnRlVWxrUkdsbWRVNVBiaThLT1RkbFRHTjBXUzkwY1VkeWFtbHJRV2M1VDBSc1lteGxVV1pJZURWQlNqRm9WWFZTY3pCV2VXWlFUM1ZTTTFWaGVUQktRVmhZYTNwTmQzWkJlRFpuYmdvd09YbHVhRE5RYTAwMlZqRXhWbTlYUVVKc04wMWtaMWhQVm5aV1VWSkxkM1JzVUVKQmRHNXdUMk5yT1d4VVNFdG5hRmwwYTNBeVNHNVJkejBLTFMwdExTMUZUa1FnUTBWU1ZFbEdTVU5CVkVVdExTMHRMUW89JyAnY2xvdWQtbmF0aXZlLWVrcy1wbGF5Z3JvdW5kJwo=",
                            "vpc_classic_link_id": "",
                            "vpc_classic_link_security_groups.#": "0"
                        },
                        "meta": {},
                        "tainted": false
                    },
                    "deposed": [],
                    "provider": "provider.aws"
                },
                "aws_route_table.demo": {
                    "type": "aws_route_table",
                    "depends_on": [
                        "aws_internet_gateway.demo",
                        "aws_vpc.demo"
                    ],
                    "primary": {
                        "id": "rtb-0e66407a4153392ec",
                        "attributes": {
                            "id": "rtb-0e66407a4153392ec",
                            "propagating_vgws.#": "0",
                            "route.#": "1",
                            "route.1734545070.cidr_block": "0.0.0.0/0",
                            "route.1734545070.egress_only_gateway_id": "",
                            "route.1734545070.gateway_id": "igw-0552d72d7ff88b897",
                            "route.1734545070.instance_id": "",
                            "route.1734545070.ipv6_cidr_block": "",
                            "route.1734545070.nat_gateway_id": "",
                            "route.1734545070.network_interface_id": "",
                            "route.1734545070.vpc_peering_connection_id": "",
                            "tags.%": "0",
                            "vpc_id": "vpc-0cc9cdfd7fe147a9c"
                        },
                        "meta": {},
                        "tainted": false
                    },
                    "deposed": [],
                    "provider": "provider.aws"
                },
                "aws_route_table_association.demo.0": {
                    "type": "aws_route_table_association",
                    "depends_on": [
                        "aws_route_table.demo",
                        "aws_subnet.demo.*"
                    ],
                    "primary": {
                        "id": "rtbassoc-0f6fce4579929cdd8",
                        "attributes": {
                            "id": "rtbassoc-0f6fce4579929cdd8",
                            "route_table_id": "rtb-0e66407a4153392ec",
                            "subnet_id": "subnet-0a1a77db4dcc65769"
                        },
                        "meta": {},
                        "tainted": false
                    },
                    "deposed": [],
                    "provider": "provider.aws"
                },
                "aws_route_table_association.demo.1": {
                    "type": "aws_route_table_association",
                    "depends_on": [
                        "aws_route_table.demo",
                        "aws_subnet.demo.*"
                    ],
                    "primary": {
                        "id": "rtbassoc-053c00497dd533396",
                        "attributes": {
                            "id": "rtbassoc-053c00497dd533396",
                            "route_table_id": "rtb-0e66407a4153392ec",
                            "subnet_id": "subnet-02c7c021af577d620"
                        },
                        "meta": {},
                        "tainted": false
                    },
                    "deposed": [],
                    "provider": "provider.aws"
                },
                "aws_security_group.demo-cluster": {
                    "type": "aws_security_group",
                    "depends_on": [
                        "aws_vpc.demo"
                    ],
                    "primary": {
                        "id": "sg-003183aa28ae99c35",
                        "attributes": {
                            "arn": "arn:aws:ec2:eu-west-1:703044652330:security-group/sg-003183aa28ae99c35",
                            "description": "Cluster communication with worker nodes",
                            "egress.#": "1",
                            "egress.482069346.cidr_blocks.#": "1",
                            "egress.482069346.cidr_blocks.0": "0.0.0.0/0",
                            "egress.482069346.description": "",
                            "egress.482069346.from_port": "0",
                            "egress.482069346.ipv6_cidr_blocks.#": "0",
                            "egress.482069346.prefix_list_ids.#": "0",
                            "egress.482069346.protocol": "-1",
                            "egress.482069346.security_groups.#": "0",
                            "egress.482069346.self": "false",
                            "egress.482069346.to_port": "0",
                            "id": "sg-003183aa28ae99c35",
                            "ingress.#": "0",
                            "name": "terraform-eks-demo-cluster",
                            "owner_id": "703044652330",
                            "revoke_rules_on_delete": "false",
                            "tags.%": "1",
                            "tags.Name": "terraform-eks-demo",
                            "vpc_id": "vpc-0cc9cdfd7fe147a9c"
                        },
                        "meta": {
                            "e2bfb730-ecaa-11e6-8f88-34363bc7c4c0": {
                                "create": 600000000000,
                                "delete": 600000000000
                            },
                            "schema_version": "1"
                        },
                        "tainted": false
                    },
                    "deposed": [],
                    "provider": "provider.aws"
                },
                "aws_security_group.demo-node": {
                    "type": "aws_security_group",
                    "depends_on": [
                        "aws_vpc.demo"
                    ],
                    "primary": {
                        "id": "sg-09b61caf079619960",
                        "attributes": {
                            "arn": "arn:aws:ec2:eu-west-1:703044652330:security-group/sg-09b61caf079619960",
                            "description": "Security group for all nodes in the cluster",
                            "egress.#": "1",
                            "egress.482069346.cidr_blocks.#": "1",
                            "egress.482069346.cidr_blocks.0": "0.0.0.0/0",
                            "egress.482069346.description": "",
                            "egress.482069346.from_port": "0",
                            "egress.482069346.ipv6_cidr_blocks.#": "0",
                            "egress.482069346.prefix_list_ids.#": "0",
                            "egress.482069346.protocol": "-1",
                            "egress.482069346.security_groups.#": "0",
                            "egress.482069346.self": "false",
                            "egress.482069346.to_port": "0",
                            "id": "sg-09b61caf079619960",
                            "ingress.#": "0",
                            "name": "terraform-eks-demo-node",
                            "owner_id": "703044652330",
                            "revoke_rules_on_delete": "false",
                            "tags.%": "2",
                            "tags.Name": "terraform-eks-demo-node",
                            "tags.kubernetes.io/cluster/cloud-native-eks-playground": "owned",
                            "vpc_id": "vpc-0cc9cdfd7fe147a9c"
                        },
                        "meta": {
                            "e2bfb730-ecaa-11e6-8f88-34363bc7c4c0": {
                                "create": 600000000000,
                                "delete": 600000000000
                            },
                            "schema_version": "1"
                        },
                        "tainted": false
                    },
                    "deposed": [],
                    "provider": "provider.aws"
                },
                "aws_security_group_rule.demo-cluster-ingress-node-https": {
                    "type": "aws_security_group_rule",
                    "depends_on": [
                        "aws_security_group.demo-cluster",
                        "aws_security_group.demo-node"
                    ],
                    "primary": {
                        "id": "sgrule-2911405098",
                        "attributes": {
                            "description": "Allow pods to communicate with the cluster API Server",
                            "from_port": "443",
                            "id": "sgrule-2911405098",
                            "protocol": "tcp",
                            "security_group_id": "sg-003183aa28ae99c35",
                            "self": "false",
                            "source_security_group_id": "sg-09b61caf079619960",
                            "to_port": "443",
                            "type": "ingress"
                        },
                        "meta": {
                            "schema_version": "2"
                        },
                        "tainted": false
                    },
                    "deposed": [],
                    "provider": "provider.aws"
                },
                "aws_security_group_rule.demo-cluster-ingress-workstation-https": {
                    "type": "aws_security_group_rule",
                    "depends_on": [
                        "aws_security_group.demo-cluster",
                        "local.workstation-external-cidr"
                    ],
                    "primary": {
                        "id": "sgrule-3951335832",
                        "attributes": {
                            "cidr_blocks.#": "1",
                            "cidr_blocks.0": "94.209.131.19/32",
                            "description": "Allow workstation to communicate with the cluster API Server",
                            "from_port": "443",
                            "id": "sgrule-3951335832",
                            "protocol": "tcp",
                            "security_group_id": "sg-003183aa28ae99c35",
                            "self": "false",
                            "to_port": "443",
                            "type": "ingress"
                        },
                        "meta": {
                            "schema_version": "2"
                        },
                        "tainted": false
                    },
                    "deposed": [],
                    "provider": "provider.aws"
                },
                "aws_security_group_rule.demo-node-ingress-cluster": {
                    "type": "aws_security_group_rule",
                    "depends_on": [
                        "aws_security_group.demo-cluster",
                        "aws_security_group.demo-node"
                    ],
                    "primary": {
                        "id": "sgrule-2269340182",
                        "attributes": {
                            "description": "Allow worker Kubelets and pods to receive communication from the cluster control plane",
                            "from_port": "1025",
                            "id": "sgrule-2269340182",
                            "protocol": "tcp",
                            "security_group_id": "sg-09b61caf079619960",
                            "self": "false",
                            "source_security_group_id": "sg-003183aa28ae99c35",
                            "to_port": "65535",
                            "type": "ingress"
                        },
                        "meta": {
                            "schema_version": "2"
                        },
                        "tainted": false
                    },
                    "deposed": [],
                    "provider": "provider.aws"
                },
                "aws_security_group_rule.demo-node-ingress-self": {
                    "type": "aws_security_group_rule",
                    "depends_on": [
                        "aws_security_group.demo-node"
                    ],
                    "primary": {
                        "id": "sgrule-2611002162",
                        "attributes": {
                            "description": "Allow node to communicate with each other",
                            "from_port": "0",
                            "id": "sgrule-2611002162",
                            "protocol": "-1",
                            "security_group_id": "sg-09b61caf079619960",
                            "self": "false",
                            "source_security_group_id": "sg-09b61caf079619960",
                            "to_port": "65535",
                            "type": "ingress"
                        },
                        "meta": {
                            "schema_version": "2"
                        },
                        "tainted": false
                    },
                    "deposed": [],
                    "provider": "provider.aws"
                },
                "aws_subnet.demo.0": {
                    "type": "aws_subnet",
                    "depends_on": [
                        "aws_vpc.demo",
                        "data.aws_availability_zones.available"
                    ],
                    "primary": {
                        "id": "subnet-0a1a77db4dcc65769",
                        "attributes": {
                            "arn": "arn:aws:ec2:eu-west-1:703044652330:subnet/subnet-0a1a77db4dcc65769",
                            "assign_ipv6_address_on_creation": "false",
                            "availability_zone": "eu-west-1a",
                            "cidr_block": "10.0.0.0/24",
                            "id": "subnet-0a1a77db4dcc65769",
                            "map_public_ip_on_launch": "false",
                            "tags.%": "2",
                            "tags.Name": "terraform-eks-demo-node",
                            "tags.kubernetes.io/cluster/cloud-native-eks-playground": "shared",
                            "vpc_id": "vpc-0cc9cdfd7fe147a9c"
                        },
                        "meta": {
                            "e2bfb730-ecaa-11e6-8f88-34363bc7c4c0": {
                                "create": 600000000000,
                                "delete": 600000000000
                            },
                            "schema_version": "1"
                        },
                        "tainted": false
                    },
                    "deposed": [],
                    "provider": "provider.aws"
                },
                "aws_subnet.demo.1": {
                    "type": "aws_subnet",
                    "depends_on": [
                        "aws_vpc.demo",
                        "data.aws_availability_zones.available"
                    ],
                    "primary": {
                        "id": "subnet-02c7c021af577d620",
                        "attributes": {
                            "arn": "arn:aws:ec2:eu-west-1:703044652330:subnet/subnet-02c7c021af577d620",
                            "assign_ipv6_address_on_creation": "false",
                            "availability_zone": "eu-west-1b",
                            "cidr_block": "10.0.1.0/24",
                            "id": "subnet-02c7c021af577d620",
                            "map_public_ip_on_launch": "false",
                            "tags.%": "2",
                            "tags.Name": "terraform-eks-demo-node",
                            "tags.kubernetes.io/cluster/cloud-native-eks-playground": "shared",
                            "vpc_id": "vpc-0cc9cdfd7fe147a9c"
                        },
                        "meta": {
                            "e2bfb730-ecaa-11e6-8f88-34363bc7c4c0": {
                                "create": 600000000000,
                                "delete": 600000000000
                            },
                            "schema_version": "1"
                        },
                        "tainted": false
                    },
                    "deposed": [],
                    "provider": "provider.aws"
                },
                "aws_vpc.demo": {
                    "type": "aws_vpc",
                    "depends_on": [],
                    "primary": {
                        "id": "vpc-0cc9cdfd7fe147a9c",
                        "attributes": {
                            "arn": "arn:aws:ec2:eu-west-1:703044652330:vpc/vpc-0cc9cdfd7fe147a9c",
                            "assign_generated_ipv6_cidr_block": "false",
                            "cidr_block": "10.0.0.0/16",
                            "default_network_acl_id": "acl-06050b74d1f1a2631",
                            "default_route_table_id": "rtb-0e1cb7e56e8d927b7",
                            "default_security_group_id": "sg-0004492b93c6afc5c",
                            "dhcp_options_id": "dopt-24aa3342",
                            "enable_classiclink": "false",
                            "enable_classiclink_dns_support": "false",
                            "enable_dns_hostnames": "false",
                            "enable_dns_support": "true",
                            "id": "vpc-0cc9cdfd7fe147a9c",
                            "instance_tenancy": "default",
                            "ipv6_association_id": "",
                            "ipv6_cidr_block": "",
                            "main_route_table_id": "rtb-0e1cb7e56e8d927b7",
                            "tags.%": "2",
                            "tags.Name": "terraform-eks-demo-node",
                            "tags.kubernetes.io/cluster/cloud-native-eks-playground": "shared"
                        },
                        "meta": {
                            "schema_version": "1"
                        },
                        "tainted": false
                    },
                    "deposed": [],
                    "provider": "provider.aws"
                },
                "data.aws_ami.eks-worker": {
                    "type": "aws_ami",
                    "depends_on": [],
                    "primary": {
                        "id": "ami-00c3b2d35bddd4f5c",
                        "attributes": {
                            "architecture": "x86_64",
                            "block_device_mappings.#": "1",
                            "block_device_mappings.3798922657.device_name": "/dev/xvda",
                            "block_device_mappings.3798922657.ebs.%": "6",
                            "block_device_mappings.3798922657.ebs.delete_on_termination": "true",
                            "block_device_mappings.3798922657.ebs.encrypted": "false",
                            "block_device_mappings.3798922657.ebs.iops": "0",
                            "block_device_mappings.3798922657.ebs.snapshot_id": "snap-010578862f5c2aa55",
                            "block_device_mappings.3798922657.ebs.volume_size": "20",
                            "block_device_mappings.3798922657.ebs.volume_type": "gp2",
                            "block_device_mappings.3798922657.no_device": "",
                            "block_device_mappings.3798922657.virtual_name": "",
                            "creation_date": "2018-10-23T20:50:36.000Z",
                            "description": "EKS Kubernetes Worker AMI with AmazonLinux2 image",
                            "filter.#": "1",
                            "filter.249857641.name": "name",
                            "filter.249857641.values.#": "1",
                            "filter.249857641.values.0": "amazon-eks-node-v*",
                            "hypervisor": "xen",
                            "id": "ami-00c3b2d35bddd4f5c",
                            "image_id": "ami-00c3b2d35bddd4f5c",
                            "image_location": "602401143452/amazon-eks-node-v25",
                            "image_type": "machine",
                            "most_recent": "true",
                            "name": "amazon-eks-node-v25",
                            "owner_id": "602401143452",
                            "owners.#": "1",
                            "owners.0": "602401143452",
                            "product_codes.#": "0",
                            "public": "true",
                            "root_device_name": "/dev/xvda",
                            "root_device_type": "ebs",
                            "root_snapshot_id": "snap-010578862f5c2aa55",
                            "sriov_net_support": "simple",
                            "state": "available",
                            "state_reason.%": "2",
                            "state_reason.code": "UNSET",
                            "state_reason.message": "UNSET",
                            "tags.%": "0",
                            "virtualization_type": "hvm"
                        },
                        "meta": {},
                        "tainted": false
                    },
                    "deposed": [],
                    "provider": "provider.aws"
                },
                "data.aws_availability_zones.available": {
                    "type": "aws_availability_zones",
                    "depends_on": [],
                    "primary": {
                        "id": "2018-11-22 12:34:20.670183 +0000 UTC",
                        "attributes": {
                            "id": "2018-11-22 12:34:20.670183 +0000 UTC",
                            "names.#": "3",
                            "names.0": "eu-west-1a",
                            "names.1": "eu-west-1b",
                            "names.2": "eu-west-1c"
                        },
                        "meta": {},
                        "tainted": false
                    },
                    "deposed": [],
                    "provider": "provider.aws"
                },
                "data.aws_region.current": {
                    "type": "aws_region",
                    "depends_on": [],
                    "primary": {
                        "id": "eu-west-1",
                        "attributes": {
                            "current": "true",
                            "description": "EU (Ireland)",
                            "endpoint": "ec2.eu-west-1.amazonaws.com",
                            "id": "eu-west-1",
                            "name": "eu-west-1"
                        },
                        "meta": {},
                        "tainted": false
                    },
                    "deposed": [],
                    "provider": "provider.aws"
                },
                "data.http.workstation-external-ip": {
                    "type": "http",
                    "depends_on": [],
                    "primary": {
                        "id": "2018-11-22 12:34:18.973501 +0000 UTC",
                        "attributes": {
                            "body": "94.209.131.19\n",
                            "id": "2018-11-22 12:34:18.973501 +0000 UTC",
                            "url": "http://ipv4.icanhazip.com"
                        },
                        "meta": {},
                        "tainted": false
                    },
                    "deposed": [],
                    "provider": "provider.http"
                }
            },
            "depends_on": []
        }
    ]
}
